
Microsoft Visual Studio Solution File, Format Version 12.00
# Visual Studio 15
Project("{FAE04EC0-301F-11D3-BF4B-00C04F79EFBC}") = "shaderc.net", "shaderc.net\shaderc.net.csproj", "{A622FF5B-4A5B-483E-A04C-8941122A14F4}"
EndProject
Project("{FAE04EC0-301F-11D3-BF4B-00C04F79EFBC}") = "tests", "tests\tests.csproj", "{ED010269-05D6-4A2A-A443-C5E84267E4FF}"
EndProject
Global
	GlobalSection(SolutionConfigurationPlatforms) = preSolution
		Debug|Any CPU = Debug|Any CPU
		Release|Any CPU = Release|Any CPU
	EndGlobalSection
	GlobalSection(ProjectConfigurationPlatforms) = postSolution
		{A622FF5B-4A5B-483E-A04C-8941122A14F4}.Debug|Any CPU.ActiveCfg = Debug|Any CPU
		{A622FF5B-4A5B-483E-A04C-8941122A14F4}.Debug|Any CPU.Build.0 = Debug|Any CPU
		{A622FF5B-4A5B-483E-A04C-8941122A14F4}.Release|Any CPU.ActiveCfg = Release|Any CPU
		{A622FF5B-4A5B-483E-A04C-8941122A14F4}.Release|Any CPU.Build.0 = Release|Any CPU
		{ED010269-05D6-4A2A-A443-C5E84267E4FF}.Debug|Any CPU.ActiveCfg = Debug|Any CPU
		{ED010269-05D6-4A2A-A443-C5E84267E4FF}.Debug|Any CPU.Build.0 = Debug|Any CPU
		{ED010269-05D6-4A2A-A443-C5E84267E4FF}.Release|Any CPU.ActiveCfg = Release|Any CPU
		{ED010269-05D6-4A2A-A443-C5E84267E4FF}.Release|Any CPU.Build.0 = Release|Any CPU
	EndGlobalSection
EndGlobal
